
Microsoft Visual Studio Solution File, Format Version 12.00
# Visual Studio 2012
Project("{FAE04EC0-301F-11D3-BF4B-00C04F79EFBC}") = "MvcApplication1", "MvcApplication1\MvcApplication1.csproj", "{7B868011-0FED-452B-A62D-965F36579E31}"
EndProject
Global
	GlobalSection(SolutionConfigurationPlatforms) = preSolution
		Debug|Any CPU = Debug|Any CPU
		Release|Any CPU = Release|Any CPU
	EndGlobalSection
	GlobalSection(ProjectConfigurationPlatforms) = postSolution
		{7B868011-0FED-452B-A62D-965F36579E31}.Debug|Any CPU.ActiveCfg = Debug|Any CPU
		{7B868011-0FED-452B-A62D-965F36579E31}.Debug|Any CPU.Build.0 = Debug|Any CPU
		{7B868011-0FED-452B-A62D-965F36579E31}.Release|Any CPU.ActiveCfg = Release|Any CPU
		{7B868011-0FED-452B-A62D-965F36579E31}.Release|Any CPU.Build.0 = Release|Any CPU
	EndGlobalSection
	GlobalSection(SolutionProperties) = preSolution
		HideSolutionNode = FALSE
	EndGlobalSection
EndGlobal
